// !$*UTF8*$!
{
	archiveVersion = 1;
	classes = {
	};
	objectVersion = 50;
	objects = {

/* Begin PBXBuildFile section */
		50A7DFF8240AB15C001444C3 /* AppDelegate.swift in Sources */ = {isa = PBXBuildFile; fileRef = 50A7DFF7240AB15C001444C3 /* AppDelegate.swift */; };
		50A7DFFA240AB15C001444C3 /* SceneDelegate.swift in Sources */ = {isa = PBXBuildFile; fileRef = 50A7DFF9240AB15C001444C3 /* SceneDelegate.swift */; };
		50A7DFFC240AB15C001444C3 /* ViewController.swift in Sources */ = {isa = PBXBuildFile; fileRef = 50A7DFFB240AB15C001444C3 /* ViewController.swift */; };
		50A7DFFF240AB15D001444C3 /* Main.storyboard in Resources */ = {isa = PBXBuildFile; fileRef = 50A7DFFD240AB15C001444C3 /* Main.storyboard */; };
		50A7E001240AB160001444C3 /* Assets.xcassets in Resources */ = {isa = PBXBuildFile; fileRef = 50A7E000240AB160001444C3 /* Assets.xcassets */; };
		50A7E004240AB160001444C3 /* LaunchScreen.storyboard in Resources */ = {isa = PBXBuildFile; fileRef = 50A7E002240AB160001444C3 /* LaunchScreen.storyboard */; };
		50A7E00F240AB161001444C3 /* Git_Repo_AppTests.swift in Sources */ = {isa = PBXBuildFile; fileRef = 50A7E00E240AB161001444C3 /* Git_Repo_AppTests.swift */; };
		50A7E01A240AB161001444C3 /* Git_Repo_AppUITests.swift in Sources */ = {isa = PBXBuildFile; fileRef = 50A7E019240AB161001444C3 /* Git_Repo_AppUITests.swift */; };
		50A7E02A240AB368001444C3 /* RepoList.swift in Sources */ = {isa = PBXBuildFile; fileRef = 50A7E029240AB368001444C3 /* RepoList.swift */; };
		50A7E02F240AE7E2001444C3 /* GithubRepository.swift in Sources */ = {isa = PBXBuildFile; fileRef = 50A7E02E240AE7E2001444C3 /* GithubRepository.swift */; };
		50A7E032240AEADD001444C3 /* RepositoryService.swift in Sources */ = {isa = PBXBuildFile; fileRef = 50A7E031240AEADD001444C3 /* RepositoryService.swift */; };
/* End PBXBuildFile section */

/* Begin PBXContainerItemProxy section */
		50A7E00B240AB161001444C3 /* PBXContainerItemProxy */ = {
			isa = PBXContainerItemProxy;
			containerPortal = 50A7DFEC240AB15C001444C3 /* Project object */;
			proxyType = 1;
			remoteGlobalIDString = 50A7DFF3240AB15C001444C3;
			remoteInfo = "Git Repo App";
		};
		50A7E016240AB161001444C3 /* PBXContainerItemProxy */ = {
			isa = PBXContainerItemProxy;
			containerPortal = 50A7DFEC240AB15C001444C3 /* Project object */;
			proxyType = 1;
			remoteGlobalIDString = 50A7DFF3240AB15C001444C3;
			remoteInfo = "Git Repo App";
		};
/* End PBXContainerItemProxy section */

/* Begin PBXFileReference section */
		50A7DFF4240AB15C001444C3 /* Git Repo App.app */ = {isa = PBXFileReference; explicitFileType = wrapper.application; includeInIndex = 0; path = "Git Repo App.app"; sourceTree = BUILT_PRODUCTS_DIR; };
		50A7DFF7240AB15C001444C3 /* AppDelegate.swift */ = {isa = PBXFileReference; lastKnownFileType = sourcecode.swift; path = AppDelegate.swift; sourceTree = "<group>"; };
		50A7DFF9240AB15C001444C3 /* SceneDelegate.swift */ = {isa = PBXFileReference; lastKnownFileType = sourcecode.swift; path = SceneDelegate.swift; sourceTree = "<group>"; };
		50A7DFFB240AB15C001444C3 /* ViewController.swift */ = {isa = PBXFileReference; lastKnownFileType = sourcecode.swift; path = ViewController.swift; sourceTree = "<group>"; };
		50A7DFFE240AB15C001444C3 /* Base */ = {isa = PBXFileReference; lastKnownFileType = file.storyboard; name = Base; path = Base.lproj/Main.storyboard; sourceTree = "<group>"; };
		50A7E000240AB160001444C3 /* Assets.xcassets */ = {isa = PBXFileReference; lastKnownFileType = folder.assetcatalog; path = Assets.xcassets; sourceTree = "<group>"; };
		50A7E003240AB160001444C3 /* Base */ = {isa = PBXFileReference; lastKnownFileType = file.storyboard; name = Base; path = Base.lproj/LaunchScreen.storyboard; sourceTree = "<group>"; };
		50A7E005240AB160001444C3 /* Info.plist */ = {isa = PBXFileReference; lastKnownFileType = text.plist.xml; path = Info.plist; sourceTree = "<group>"; };
		50A7E00A240AB161001444C3 /* Git Repo AppTests.xctest */ = {isa = PBXFileReference; explicitFileType = wrapper.cfbundle; includeInIndex = 0; path = "Git Repo AppTests.xctest"; sourceTree = BUILT_PRODUCTS_DIR; };
		50A7E00E240AB161001444C3 /* Git_Repo_AppTests.swift */ = {isa = PBXFileReference; lastKnownFileType = sourcecode.swift; path = Git_Repo_AppTests.swift; sourceTree = "<group>"; };
		50A7E010240AB161001444C3 /* Info.plist */ = {isa = PBXFileReference; lastKnownFileType = text.plist.xml; path = Info.plist; sourceTree = "<group>"; };
		50A7E015240AB161001444C3 /* Git Repo AppUITests.xctest */ = {isa = PBXFileReference; explicitFileType = wrapper.cfbundle; includeInIndex = 0; path = "Git Repo AppUITests.xctest"; sourceTree = BUILT_PRODUCTS_DIR; };
		50A7E019240AB161001444C3 /* Git_Repo_AppUITests.swift */ = {isa = PBXFileReference; lastKnownFileType = sourcecode.swift; path = Git_Repo_AppUITests.swift; sourceTree = "<group>"; };
		50A7E01B240AB161001444C3 /* Info.plist */ = {isa = PBXFileReference; lastKnownFileType = text.plist.xml; path = Info.plist; sourceTree = "<group>"; };
		50A7E029240AB368001444C3 /* RepoList.swift */ = {isa = PBXFileReference; lastKnownFileType = sourcecode.swift; path = RepoList.swift; sourceTree = "<group>"; };
		50A7E02E240AE7E2001444C3 /* GithubRepository.swift */ = {isa = PBXFileReference; lastKnownFileType = sourcecode.swift; path = GithubRepository.swift; sourceTree = "<group>"; };
		50A7E031240AEADD001444C3 /* RepositoryService.swift */ = {isa = PBXFileReference; lastKnownFileType = sourcecode.swift; path = RepositoryService.swift; sourceTree = "<group>"; };
/* End PBXFileReference section */

/* Begin PBXFrameworksBuildPhase section */
		50A7DFF1240AB15C001444C3 /* Frameworks */ = {
			isa = PBXFrameworksBuildPhase;
			buildActionMask = 2147483647;
			files = (
			);
			runOnlyForDeploymentPostprocessing = 0;
		};
		50A7E007240AB161001444C3 /* Frameworks */ = {
			isa = PBXFrameworksBuildPhase;
			buildActionMask = 2147483647;
			files = (
			);
			runOnlyForDeploymentPostprocessing = 0;
		};
		50A7E012240AB161001444C3 /* Frameworks */ = {
			isa = PBXFrameworksBuildPhase;
			buildActionMask = 2147483647;
			files = (
			);
			runOnlyForDeploymentPostprocessing = 0;
		};
/* End PBXFrameworksBuildPhase section */

/* Begin PBXGroup section */
		50A7DFEB240AB15C001444C3 = {
			isa = PBXGroup;
			children = (
				50A7DFF6240AB15C001444C3 /* Git Repo App */,
				50A7E00D240AB161001444C3 /* Git Repo AppTests */,
				50A7E018240AB161001444C3 /* Git Repo AppUITests */,
				50A7DFF5240AB15C001444C3 /* Products */,
			);
			sourceTree = "<group>";
		};
		50A7DFF5240AB15C001444C3 /* Products */ = {
			isa = PBXGroup;
			children = (
				50A7DFF4240AB15C001444C3 /* Git Repo App.app */,
				50A7E00A240AB161001444C3 /* Git Repo AppTests.xctest */,
				50A7E015240AB161001444C3 /* Git Repo AppUITests.xctest */,
			);
			name = Products;
			sourceTree = "<group>";
		};
		50A7DFF6240AB15C001444C3 /* Git Repo App */ = {
			isa = PBXGroup;
			children = (
				50A7DFF7240AB15C001444C3 /* AppDelegate.swift */,
				50A7DFF9240AB15C001444C3 /* SceneDelegate.swift */,
				50A7E027240AB31D001444C3 /* Model */,
				50A7E028240AB33E001444C3 /* View */,
				50A7E02B240AB379001444C3 /* Controller */,
				50A7E030240AEAB3001444C3 /* Service */,
				50A7E000240AB160001444C3 /* Assets.xcassets */,
				50A7E002240AB160001444C3 /* LaunchScreen.storyboard */,
				50A7E005240AB160001444C3 /* Info.plist */,
			);
			path = "Git Repo App";
			sourceTree = "<group>";
		};
		50A7E00D240AB161001444C3 /* Git Repo AppTests */ = {
			isa = PBXGroup;
			children = (
				50A7E00E240AB161001444C3 /* Git_Repo_AppTests.swift */,
				50A7E010240AB161001444C3 /* Info.plist */,
			);
			path = "Git Repo AppTests";
			sourceTree = "<group>";
		};
		50A7E018240AB161001444C3 /* Git Repo AppUITests */ = {
			isa = PBXGroup;
			children = (
				50A7E019240AB161001444C3 /* Git_Repo_AppUITests.swift */,
				50A7E01B240AB161001444C3 /* Info.plist */,
			);
			path = "Git Repo AppUITests";
			sourceTree = "<group>";
		};
		50A7E027240AB31D001444C3 /* Model */ = {
			isa = PBXGroup;
			children = (
				50A7E029240AB368001444C3 /* RepoList.swift */,
				50A7E02E240AE7E2001444C3 /* GithubRepository.swift */,
			);
			path = Model;
			sourceTree = "<group>";
		};
		50A7E028240AB33E001444C3 /* View */ = {
			isa = PBXGroup;
			children = (
				50A7DFFD240AB15C001444C3 /* Main.storyboard */,
			);
			path = View;
			sourceTree = "<group>";
		};
		50A7E02B240AB379001444C3 /* Controller */ = {
			isa = PBXGroup;
			children = (
				50A7DFFB240AB15C001444C3 /* ViewController.swift */,
			);
			path = Controller;
			sourceTree = "<group>";
		};
		50A7E030240AEAB3001444C3 /* Service */ = {
			isa = PBXGroup;
			children = (
				50A7E031240AEADD001444C3 /* RepositoryService.swift */,
			);
			path = Service;
			sourceTree = "<group>";
		};
/* End PBXGroup section */

/* Begin PBXNativeTarget section */
		50A7DFF3240AB15C001444C3 /* Git Repo App */ = {
			isa = PBXNativeTarget;
			buildConfigurationList = 50A7E01E240AB161001444C3 /* Build configuration list for PBXNativeTarget "Git Repo App" */;
			buildPhases = (
				50A7DFF0240AB15C001444C3 /* Sources */,
				50A7DFF1240AB15C001444C3 /* Frameworks */,
				50A7DFF2240AB15C001444C3 /* Resources */,
			);
			buildRules = (
			);
			dependencies = (
			);
			name = "Git Repo App";
			productName = "Git Repo App";
			productReference = 50A7DFF4240AB15C001444C3 /* Git Repo App.app */;
			productType = "com.apple.product-type.application";
		};
		50A7E009240AB161001444C3 /* Git Repo AppTests */ = {
			isa = PBXNativeTarget;
			buildConfigurationList = 50A7E021240AB161001444C3 /* Build configuration list for PBXNativeTarget "Git Repo AppTests" */;
			buildPhases = (
				50A7E006240AB161001444C3 /* Sources */,
				50A7E007240AB161001444C3 /* Frameworks */,
				50A7E008240AB161001444C3 /* Resources */,
			);
			buildRules = (
			);
			dependencies = (
				50A7E00C240AB161001444C3 /* PBXTargetDependency */,
			);
			name = "Git Repo AppTests";
			productName = "Git Repo AppTests";
			productReference = 50A7E00A240AB161001444C3 /* Git Repo AppTests.xctest */;
			productType = "com.apple.product-type.bundle.unit-test";
		};
		50A7E014240AB161001444C3 /* Git Repo AppUITests */ = {
			isa = PBXNativeTarget;
			buildConfigurationList = 50A7E024240AB161001444C3 /* Build configuration list for PBXNativeTarget "Git Repo AppUITests" */;
			buildPhases = (
				50A7E011240AB161001444C3 /* Sources */,
				50A7E012240AB161001444C3 /* Frameworks */,
				50A7E013240AB161001444C3 /* Resources */,
			);
			buildRules = (
			);
			dependencies = (
				50A7E017240AB161001444C3 /* PBXTargetDependency */,
			);
			name = "Git Repo AppUITests";
			productName = "Git Repo AppUITests";
			productReference = 50A7E015240AB161001444C3 /* Git Repo AppUITests.xctest */;
			productType = "com.apple.product-type.bundle.ui-testing";
		};
/* End PBXNativeTarget section */

/* Begin PBXProject section */
		50A7DFEC240AB15C001444C3 /* Project object */ = {
			isa = PBXProject;
			attributes = {
				LastSwiftUpdateCheck = 1130;
				LastUpgradeCheck = 1130;
				ORGANIZATIONNAME = "Max Kuzmovych";
				TargetAttributes = {
					50A7DFF3240AB15C001444C3 = {
						CreatedOnToolsVersion = 11.3.1;
					};
					50A7E009240AB161001444C3 = {
						CreatedOnToolsVersion = 11.3.1;
						TestTargetID = 50A7DFF3240AB15C001444C3;
					};
					50A7E014240AB161001444C3 = {
						CreatedOnToolsVersion = 11.3.1;
						TestTargetID = 50A7DFF3240AB15C001444C3;
					};
				};
			};
			buildConfigurationList = 50A7DFEF240AB15C001444C3 /* Build configuration list for PBXProject "Git Repo App" */;
			compatibilityVersion = "Xcode 9.3";
			developmentRegion = en;
			hasScannedForEncodings = 0;
			knownRegions = (
				en,
				Base,
			);
			mainGroup = 50A7DFEB240AB15C001444C3;
			productRefGroup = 50A7DFF5240AB15C001444C3 /* Products */;
			projectDirPath = "";
			projectRoot = "";
			targets = (
				50A7DFF3240AB15C001444C3 /* Git Repo App */,
				50A7E009240AB161001444C3 /* Git Repo AppTests */,
				50A7E014240AB161001444C3 /* Git Repo AppUITests */,
			);
		};
/* End PBXProject section */

/* Begin PBXResourcesBuildPhase section */
		50A7DFF2240AB15C001444C3 /* Resources */ = {
			isa = PBXResourcesBuildPhase;
			buildActionMask = 2147483647;
			files = (
				50A7E004240AB160001444C3 /* LaunchScreen.storyboard in Resources */,
				50A7E001240AB160001444C3 /* Assets.xcassets in Resources */,
				50A7DFFF240AB15D001444C3 /* Main.storyboard in Resources */,
			);
			runOnlyForDeploymentPostprocessing = 0;
		};
		50A7E008240AB161001444C3 /* Resources */ = {
			isa = PBXResourcesBuildPhase;
			buildActionMask = 2147483647;
			files = (
			);
			runOnlyForDeploymentPostprocessing = 0;
		};
		50A7E013240AB161001444C3 /* Resources */ = {
			isa = PBXResourcesBuildPhase;
			buildActionMask = 2147483647;
			files = (
			);
			runOnlyForDeploymentPostprocessing = 0;
		};
/* End PBXResourcesBuildPhase section */

/* Begin PBXSourcesBuildPhase section */
		50A7DFF0240AB15C001444C3 /* Sources */ = {
			isa = PBXSourcesBuildPhase;
			buildActionMask = 2147483647;
			files = (
				50A7DFFC240AB15C001444C3 /* ViewController.swift in Sources */,
				50A7DFF8240AB15C001444C3 /* AppDelegate.swift in Sources */,
				50A7E02F240AE7E2001444C3 /* GithubRepository.swift in Sources */,
				50A7E032240AEADD001444C3 /* RepositoryService.swift in Sources */,
				50A7DFFA240AB15C001444C3 /* SceneDelegate.swift in Sources */,
				50A7E02A240AB368001444C3 /* RepoList.swift in Sources */,
			);
			runOnlyForDeploymentPostprocessing = 0;
		};
		50A7E006240AB161001444C3 /* Sources */ = {
			isa = PBXSourcesBuildPhase;
			buildActionMask = 2147483647;
			files = (
				50A7E00F240AB161001444C3 /* Git_Repo_AppTests.swift in Sources */,
			);
			runOnlyForDeploymentPostprocessing = 0;
		};
		50A7E011240AB161001444C3 /* Sources */ = {
			isa = PBXSourcesBuildPhase;
			buildActionMask = 2147483647;
			files = (
				50A7E01A240AB161001444C3 /* Git_Repo_AppUITests.swift in Sources */,
			);
			runOnlyForDeploymentPostprocessing = 0;
		};
/* End PBXSourcesBuildPhase section */

/* Begin PBXTargetDependency section */
		50A7E00C240AB161001444C3 /* PBXTargetDependency */ = {
			isa = PBXTargetDependency;
			target = 50A7DFF3240AB15C001444C3 /* Git Repo App */;
			targetProxy = 50A7E00B240AB161001444C3 /* PBXContainerItemProxy */;
		};
		50A7E017240AB161001444C3 /* PBXTargetDependency */ = {
			isa = PBXTargetDependency;
			target = 50A7DFF3240AB15C001444C3 /* Git Repo App */;
			targetProxy = 50A7E016240AB161001444C3 /* PBXContainerItemProxy */;
		};
/* End PBXTargetDependency section */

/* Begin PBXVariantGroup section */
		50A7DFFD240AB15C001444C3 /* Main.storyboard */ = {
			isa = PBXVariantGroup;
			children = (
				50A7DFFE240AB15C001444C3 /* Base */,
			);
			name = Main.storyboard;
			sourceTree = "<group>";
		};
		50A7E002240AB160001444C3 /* LaunchScreen.storyboard */ = {
			isa = PBXVariantGroup;
			children = (
				50A7E003240AB160001444C3 /* Base */,
			);
			name = LaunchScreen.storyboard;
			sourceTree = "<group>";
		};
/* End PBXVariantGroup section */

/* Begin XCBuildConfiguration section */
		50A7E01C240AB161001444C3 /* Debug */ = {
			isa = XCBuildConfiguration;
			buildSettings = {
				ALWAYS_SEARCH_USER_PATHS = NO;
				CLANG_ANALYZER_NONNULL = YES;
				CLANG_ANALYZER_NUMBER_OBJECT_CONVERSION = YES_AGGRESSIVE;
				CLANG_CXX_LANGUAGE_STANDARD = "gnu++14";
				CLANG_CXX_LIBRARY = "libc++";
				CLANG_ENABLE_MODULES = YES;
				CLANG_ENABLE_OBJC_ARC = YES;
				CLANG_ENABLE_OBJC_WEAK = YES;
				CLANG_WARN_BLOCK_CAPTURE_AUTORELEASING = YES;
				CLANG_WARN_BOOL_CONVERSION = YES;
				CLANG_WARN_COMMA = YES;
				CLANG_WARN_CONSTANT_CONVERSION = YES;
				CLANG_WARN_DEPRECATED_OBJC_IMPLEMENTATIONS = YES;
				CLANG_WARN_DIRECT_OBJC_ISA_USAGE = YES_ERROR;
				CLANG_WARN_DOCUMENTATION_COMMENTS = YES;
				CLANG_WARN_EMPTY_BODY = YES;
				CLANG_WARN_ENUM_CONVERSION = YES;
				CLANG_WARN_INFINITE_RECURSION = YES;
				CLANG_WARN_INT_CONVERSION = YES;
				CLANG_WARN_NON_LITERAL_NULL_CONVERSION = YES;
				CLANG_WARN_OBJC_IMPLICIT_RETAIN_SELF = YES;
				CLANG_WARN_OBJC_LITERAL_CONVERSION = YES;
				CLANG_WARN_OBJC_ROOT_CLASS = YES_ERROR;
				CLANG_WARN_RANGE_LOOP_ANALYSIS = YES;
				CLANG_WARN_STRICT_PROTOTYPES = YES;
				CLANG_WARN_SUSPICIOUS_MOVE = YES;
				CLANG_WARN_UNGUARDED_AVAILABILITY = YES_AGGRESSIVE;
				CLANG_WARN_UNREACHABLE_CODE = YES;
				CLANG_WARN__DUPLICATE_METHOD_MATCH = YES;
				COPY_PHASE_STRIP = NO;
				DEBUG_INFORMATION_FORMAT = dwarf;
				ENABLE_STRICT_OBJC_MSGSEND = YES;
				ENABLE_TESTABILITY = YES;
				GCC_C_LANGUAGE_STANDARD = gnu11;
				GCC_DYNAMIC_NO_PIC = NO;
				GCC_NO_COMMON_BLOCKS = YES;
				GCC_OPTIMIZATION_LEVEL = 0;
				GCC_PREPROCESSOR_DEFINITIONS = (
					"DEBUG=1",
					"$(inherited)",
				);
				GCC_WARN_64_TO_32_BIT_CONVERSION = YES;
				GCC_WARN_ABOUT_RETURN_TYPE = YES_ERROR;
				GCC_WARN_UNDECLARED_SELECTOR = YES;
				GCC_WARN_UNINITIALIZED_AUTOS = YES_AGGRESSIVE;
				GCC_WARN_UNUSED_FUNCTION = YES;
				GCC_WARN_UNUSED_VARIABLE = YES;
				IPHONEOS_DEPLOYMENT_TARGET = 13.2;
				MTL_ENABLE_DEBUG_INFO = INCLUDE_SOURCE;
				MTL_FAST_MATH = YES;
				ONLY_ACTIVE_ARCH = YES;
				SDKROOT = iphoneos;
				SWIFT_ACTIVE_COMPILATION_CONDITIONS = DEBUG;
				SWIFT_OPTIMIZATION_LEVEL = "-Onone";
			};
			name = Debug;
		};
		50A7E01D240AB161001444C3 /* Release */ = {
			isa = XCBuildConfiguration;
			buildSettings = {
				ALWAYS_SEARCH_USER_PATHS = NO;
				CLANG_ANALYZER_NONNULL = YES;
				CLANG_ANALYZER_NUMBER_OBJECT_CONVERSION = YES_AGGRESSIVE;
				CLANG_CXX_LANGUAGE_STANDARD = "gnu++14";
				CLANG_CXX_LIBRARY = "libc++";
				CLANG_ENABLE_MODULES = YES;
				CLANG_ENABLE_OBJC_ARC = YES;
				CLANG_ENABLE_OBJC_WEAK = YES;
				CLANG_WARN_BLOCK_CAPTURE_AUTORELEASING = YES;
				CLANG_WARN_BOOL_CONVERSION = YES;
				CLANG_WARN_COMMA = YES;
				CLANG_WARN_CONSTANT_CONVERSION = YES;
				CLANG_WARN_DEPRECATED_OBJC_IMPLEMENTATIONS = YES;
				CLANG_WARN_DIRECT_OBJC_ISA_USAGE = YES_ERROR;
				CLANG_WARN_DOCUMENTATION_COMMENTS = YES;
				CLANG_WARN_EMPTY_BODY = YES;
				CLANG_WARN_ENUM_CONVERSION = YES;
				CLANG_WARN_INFINITE_RECURSION = YES;
				CLANG_WARN_INT_CONVERSION = YES;
				CLANG_WARN_NON_LITERAL_NULL_CONVERSION = YES;
				CLANG_WARN_OBJC_IMPLICIT_RETAIN_SELF = YES;
				CLANG_WARN_OBJC_LITERAL_CONVERSION = YES;
				CLANG_WARN_OBJC_ROOT_CLASS = YES_ERROR;
				CLANG_WARN_RANGE_LOOP_ANALYSIS = YES;
				CLANG_WARN_STRICT_PROTOTYPES = YES;
				CLANG_WARN_SUSPICIOUS_MOVE = YES;
				CLANG_WARN_UNGUARDED_AVAILABILITY = YES_AGGRESSIVE;
				CLANG_WARN_UNREACHABLE_CODE = YES;
				CLANG_WARN__DUPLICATE_METHOD_MATCH = YES;
				COPY_PHASE_STRIP = NO;
				DEBUG_INFORMATION_FORMAT = "dwarf-with-dsym";
				ENABLE_NS_ASSERTIONS = NO;
				ENABLE_STRICT_OBJC_MSGSEND = YES;
				GCC_C_LANGUAGE_STANDARD = gnu11;
				GCC_NO_COMMON_BLOCKS = YES;
				GCC_WARN_64_TO_32_BIT_CONVERSION = YES;
				GCC_WARN_ABOUT_RETURN_TYPE = YES_ERROR;
				GCC_WARN_UNDECLARED_SELECTOR = YES;
				GCC_WARN_UNINITIALIZED_AUTOS = YES_AGGRESSIVE;
				GCC_WARN_UNUSED_FUNCTION = YES;
				GCC_WARN_UNUSED_VARIABLE = YES;
				IPHONEOS_DEPLOYMENT_TARGET = 13.2;
				MTL_ENABLE_DEBUG_INFO = NO;
				MTL_FAST_MATH = YES;
				SDKROOT = iphoneos;
				SWIFT_COMPILATION_MODE = wholemodule;
				SWIFT_OPTIMIZATION_LEVEL = "-O";
				VALIDATE_PRODUCT = YES;
			};
			name = Release;
		};
		50A7E01F240AB161001444C3 /* Debug */ = {
			isa = XCBuildConfiguration;
			buildSettings = {
				ASSETCATALOG_COMPILER_APPICON_NAME = AppIcon;
				CODE_SIGN_STYLE = Automatic;
				INFOPLIST_FILE = "Git Repo App/Info.plist";
				LD_RUNPATH_SEARCH_PATHS = (
					"$(inherited)",
					"@executable_path/Frameworks",
				);
				PRODUCT_BUNDLE_IDENTIFIER = "com.max.kuzmovych.Git-Repo-App";
				PRODUCT_NAME = "$(TARGET_NAME)";
				SWIFT_VERSION = 5.0;
				TARGETED_DEVICE_FAMILY = "1,2";
			};
			name = Debug;
		};
		50A7E020240AB161001444C3 /* Release */ = {
			isa = XCBuildConfiguration;
			buildSettings = {
				ASSETCATALOG_COMPILER_APPICON_NAME = AppIcon;
				CODE_SIGN_STYLE = Automatic;
				INFOPLIST_FILE = "Git Repo App/Info.plist";
				LD_RUNPATH_SEARCH_PATHS = (
					"$(inherited)",
					"@executable_path/Frameworks",
				);
				PRODUCT_BUNDLE_IDENTIFIER = "com.max.kuzmovych.Git-Repo-App";
				PRODUCT_NAME = "$(TARGET_NAME)";
				SWIFT_VERSION = 5.0;
				TARGETED_DEVICE_FAMILY = "1,2";
			};
			name = Release;
		};
		50A7E022240AB161001444C3 /* Debug */ = {
			isa = XCBuildConfiguration;
			buildSettings = {
				ALWAYS_EMBED_SWIFT_STANDARD_LIBRARIES = YES;
				BUNDLE_LOADER = "$(TEST_HOST)";
				CODE_SIGN_STYLE = Automatic;
				INFOPLIST_FILE = "Git Repo AppTests/Info.plist";
				IPHONEOS_DEPLOYMENT_TARGET = 13.2;
				LD_RUNPATH_SEARCH_PATHS = (
					"$(inherited)",
					"@executable_path/Frameworks",
					"@loader_path/Frameworks",
				);
				PRODUCT_BUNDLE_IDENTIFIER = "com.max.kuzmovych.Git-Repo-AppTests";
				PRODUCT_NAME = "$(TARGET_NAME)";
				SWIFT_VERSION = 5.0;
				TARGETED_DEVICE_FAMILY = "1,2";
				TEST_HOST = "$(BUILT_PRODUCTS_DIR)/Git Repo App.app/Git Repo App";
			};
			name = Debug;
		};
		50A7E023240AB161001444C3 /* Release */ = {
			isa = XCBuildConfiguration;
			buildSettings = {
				ALWAYS_EMBED_SWIFT_STANDARD_LIBRARIES = YES;
				BUNDLE_LOADER = "$(TEST_HOST)";
				CODE_SIGN_STYLE = Automatic;
				INFOPLIST_FILE = "Git Repo AppTests/Info.plist";
				IPHONEOS_DEPLOYMENT_TARGET = 13.2;
				LD_RUNPATH_SEARCH_PATHS = (
					"$(inherited)",
					"@executable_path/Frameworks",
					"@loader_path/Frameworks",
				);
				PRODUCT_BUNDLE_IDENTIFIER = "com.max.kuzmovych.Git-Repo-AppTests";
				PRODUCT_NAME = "$(TARGET_NAME)";
				SWIFT_VERSION = 5.0;
				TARGETED_DEVICE_FAMILY = "1,2";
				TEST_HOST = "$(BUILT_PRODUCTS_DIR)/Git Repo App.app/Git Repo App";
			};
			name = Release;
		};
		50A7E025240AB161001444C3 /* Debug */ = {
			isa = XCBuildConfiguration;
			buildSettings = {
				ALWAYS_EMBED_SWIFT_STANDARD_LIBRARIES = YES;
				CODE_SIGN_STYLE = Automatic;
				INFOPLIST_FILE = "Git Repo AppUITests/Info.plist";
				LD_RUNPATH_SEARCH_PATHS = (
					"$(inherited)",
					"@executable_path/Frameworks",
					"@loader_path/Frameworks",
				);
				PRODUCT_BUNDLE_IDENTIFIER = "com.max.kuzmovych.Git-Repo-AppUITests";
				PRODUCT_NAME = "$(TARGET_NAME)";
				SWIFT_VERSION = 5.0;
				TARGETED_DEVICE_FAMILY = "1,2";
				TEST_TARGET_NAME = "Git Repo App";
			};
			name = Debug;
		};
		50A7E026240AB161001444C3 /* Release */ = {
			isa = XCBuildConfiguration;
			buildSettings = {
				ALWAYS_EMBED_SWIFT_STANDARD_LIBRARIES = YES;
				CODE_SIGN_STYLE = Automatic;
				INFOPLIST_FILE = "Git Repo AppUITests/Info.plist";
				LD_RUNPATH_SEARCH_PATHS = (
					"$(inherited)",
					"@executable_path/Frameworks",
					"@loader_path/Frameworks",
				);
				PRODUCT_BUNDLE_IDENTIFIER = "com.max.kuzmovych.Git-Repo-AppUITests";
				PRODUCT_NAME = "$(TARGET_NAME)";
				SWIFT_VERSION = 5.0;
				TARGETED_DEVICE_FAMILY = "1,2";
				TEST_TARGET_NAME = "Git Repo App";
			};
			name = Release;
		};
/* End XCBuildConfiguration section */

/* Begin XCConfigurationList section */
		50A7DFEF240AB15C001444C3 /* Build configuration list for PBXProject "Git Repo App" */ = {
			isa = XCConfigurationList;
			buildConfigurations = (
				50A7E01C240AB161001444C3 /* Debug */,
				50A7E01D240AB161001444C3 /* Release */,
			);
			defaultConfigurationIsVisible = 0;
			defaultConfigurationName = Release;
		};
		50A7E01E240AB161001444C3 /* Build configuration list for PBXNativeTarget "Git Repo App" */ = {
			isa = XCConfigurationList;
			buildConfigurations = (
				50A7E01F240AB161001444C3 /* Debug */,
				50A7E020240AB161001444C3 /* Release */,
			);
			defaultConfigurationIsVisible = 0;
			defaultConfigurationName = Release;
		};
		50A7E021240AB161001444C3 /* Build configuration list for PBXNativeTarget "Git Repo AppTests" */ = {
			isa = XCConfigurationList;
			buildConfigurations = (
				50A7E022240AB161001444C3 /* Debug */,
				50A7E023240AB161001444C3 /* Release */,
			);
			defaultConfigurationIsVisible = 0;
			defaultConfigurationName = Release;
		};
		50A7E024240AB161001444C3 /* Build configuration list for PBXNativeTarget "Git Repo AppUITests" */ = {
			isa = XCConfigurationList;
			buildConfigurations = (
				50A7E025240AB161001444C3 /* Debug */,
				50A7E026240AB161001444C3 /* Release */,
			);
			defaultConfigurationIsVisible = 0;
			defaultConfigurationName = Release;
		};
/* End XCConfigurationList section */
	};
	rootObject = 50A7DFEC240AB15C001444C3 /* Project object */;
}
